
Microsoft Visual Studio Solution File, Format Version 12.00
# Visual Studio Version 17
VisualStudioVersion = 17.14.36310.24 d17.14
MinimumVisualStudioVersion = 10.0.40219.1
Project("{FAE04EC0-301F-11D3-BF4B-00C04F79EFBC}") = "SmartMeter.Server", "SmartMeter.Server\SmartMeter.Server.csproj", "{B032D186-76F7-4516-9373-E1EB179C58D5}"
EndProject
Project("{2150E333-8FDC-42A3-9474-1A3956D46DE8}") = "Solution Items", "Solution Items", "{2613B435-FC43-4486-805E-D82B2A48981E}"
	ProjectSection(SolutionItems) = preProject
		compose.yaml = compose.yaml
	EndProjectSection
EndProject
Project("{FAE04EC0-301F-11D3-BF4B-00C04F79EFBC}") = "SmartMeter.IntegrationTests", "SmartMeter.IntegrationTests\SmartMeter.IntegrationTests.csproj", "{5578B727-3854-4F40-990F-B37E112E836A}"
EndProject
Project("{FAE04EC0-301F-11D3-BF4B-00C04F79EFBC}") = "SmartMeter.Tests", "SmartMeter.Tests\SmartMeter.Tests.csproj", "{495CBE8B-A856-473E-BAB3-671403AF55F5}"
EndProject
Global
	GlobalSection(SolutionConfigurationPlatforms) = preSolution
		Debug|Any CPU = Debug|Any CPU
		Release|Any CPU = Release|Any CPU
	EndGlobalSection
	GlobalSection(ProjectConfigurationPlatforms) = postSolution
		{B032D186-76F7-4516-9373-E1EB179C58D5}.Debug|Any CPU.ActiveCfg = Debug|Any CPU
		{B032D186-76F7-4516-9373-E1EB179C58D5}.Debug|Any CPU.Build.0 = Debug|Any CPU
		{B032D186-76F7-4516-9373-E1EB179C58D5}.Release|Any CPU.ActiveCfg = Release|Any CPU
		{B032D186-76F7-4516-9373-E1EB179C58D5}.Release|Any CPU.Build.0 = Release|Any CPU
		{5578B727-3854-4F40-990F-B37E112E836A}.Debug|Any CPU.ActiveCfg = Debug|Any CPU
		{5578B727-3854-4F40-990F-B37E112E836A}.Debug|Any CPU.Build.0 = Debug|Any CPU
		{5578B727-3854-4F40-990F-B37E112E836A}.Release|Any CPU.ActiveCfg = Release|Any CPU
		{5578B727-3854-4F40-990F-B37E112E836A}.Release|Any CPU.Build.0 = Release|Any CPU
		{495CBE8B-A856-473E-BAB3-671403AF55F5}.Debug|Any CPU.ActiveCfg = Debug|Any CPU
		{495CBE8B-A856-473E-BAB3-671403AF55F5}.Debug|Any CPU.Build.0 = Debug|Any CPU
		{495CBE8B-A856-473E-BAB3-671403AF55F5}.Release|Any CPU.ActiveCfg = Release|Any CPU
		{495CBE8B-A856-473E-BAB3-671403AF55F5}.Release|Any CPU.Build.0 = Release|Any CPU
	EndGlobalSection
	GlobalSection(SolutionProperties) = preSolution
		HideSolutionNode = FALSE
	EndGlobalSection
	GlobalSection(ExtensibilityGlobals) = postSolution
		SolutionGuid = {BE0AC03F-7208-46B2-B4A7-6F2A0CA34525}
	EndGlobalSection
EndGlobal
